
Microsoft Visual Studio Solution File, Format Version 12.00
# Visual Studio Version 17
VisualStudioVersion = 17.2.32505.173
MinimumVisualStudioVersion = 10.0.40219.1
Project("{9A19103F-16F7-4668-BE54-9A1E7A4F7556}") = "AbpEcommerce.Domain", "src\AbpEcommerce.Domain\AbpEcommerce.Domain.csproj", "{554AD327-6DBA-4F8F-96F8-81CE7A0C863F}"
EndProject
Project("{9A19103F-16F7-4668-BE54-9A1E7A4F7556}") = "AbpEcommerce.Application", "src\AbpEcommerce.Application\AbpEcommerce.Application.csproj", "{1A94A50E-06DC-43C1-80B5-B662820EC3EB}"
EndProject
Project("{9A19103F-16F7-4668-BE54-9A1E7A4F7556}") = "AbpEcommerce.EntityFrameworkCore", "src\AbpEcommerce.EntityFrameworkCore\AbpEcommerce.EntityFrameworkCore.csproj", "{C956DD76-69C8-4A9C-83EA-D17DF83340FD}"
EndProject
Project("{2150E333-8FDC-42A3-9474-1A3956D46DE8}") = "src", "src", "{CA9AC87F-097E-4F15-8393-4BC07735A5B0}"
EndProject
Project("{2150E333-8FDC-42A3-9474-1A3956D46DE8}") = "test", "test", "{04DBDB01-70F4-4E06-B468-8F87850B22BE}"
EndProject
Project("{9A19103F-16F7-4668-BE54-9A1E7A4F7556}") = "AbpEcommerce.Application.Tests", "test\AbpEcommerce.Application.Tests\AbpEcommerce.Application.Tests.csproj", "{50B2631D-129C-47B3-A587-029CCD6099BC}"
EndProject
Project("{9A19103F-16F7-4668-BE54-9A1E7A4F7556}") = "AbpEcommerce.Domain.Shared", "src\AbpEcommerce.Domain.Shared\AbpEcommerce.Domain.Shared.csproj", "{42F719ED-8413-4895-B5B4-5AB56079BC66}"
EndProject
Project("{9A19103F-16F7-4668-BE54-9A1E7A4F7556}") = "AbpEcommerce.Application.Contracts", "src\AbpEcommerce.Application.Contracts\AbpEcommerce.Application.Contracts.csproj", "{520659C8-C734-4298-A3DA-B539DB9DFC0B}"
EndProject
Project("{9A19103F-16F7-4668-BE54-9A1E7A4F7556}") = "AbpEcommerce.HttpApi", "src\AbpEcommerce.HttpApi\AbpEcommerce.HttpApi.csproj", "{4164BDF7-F527-4E85-9CE6-E3C2D7426A27}"
EndProject
Project("{9A19103F-16F7-4668-BE54-9A1E7A4F7556}") = "AbpEcommerce.HttpApi.Client", "src\AbpEcommerce.HttpApi.Client\AbpEcommerce.HttpApi.Client.csproj", "{3B5A0094-670D-4BB1-BFDD-61B88A8773DC}"
EndProject
Project("{9A19103F-16F7-4668-BE54-9A1E7A4F7556}") = "AbpEcommerce.AuthServer", "src\AbpEcommerce.AuthServer\AbpEcommerce.AuthServer.csproj", "{073C361E-B8F4-49F5-93CC-72A3FF49C026}"
EndProject
Project("{9A19103F-16F7-4668-BE54-9A1E7A4F7556}") = "AbpEcommerce.HttpApi.Host", "src\AbpEcommerce.HttpApi.Host\AbpEcommerce.HttpApi.Host.csproj", "{E6D5BF0E-DE92-4D82-A352-EF04B37CB11C}"
EndProject
Project("{9A19103F-16F7-4668-BE54-9A1E7A4F7556}") = "AbpEcommerce.EntityFrameworkCore.Tests", "test\AbpEcommerce.EntityFrameworkCore.Tests\AbpEcommerce.EntityFrameworkCore.Tests.csproj", "{1FE30EB9-74A9-47F5-A9F6-7B1FAB672D81}"
EndProject
Project("{9A19103F-16F7-4668-BE54-9A1E7A4F7556}") = "AbpEcommerce.TestBase", "test\AbpEcommerce.TestBase\AbpEcommerce.TestBase.csproj", "{91853F21-9CD9-4132-BC29-A7D5D84FFFE7}"
EndProject
Project("{9A19103F-16F7-4668-BE54-9A1E7A4F7556}") = "AbpEcommerce.Domain.Tests", "test\AbpEcommerce.Domain.Tests\AbpEcommerce.Domain.Tests.csproj", "{E512F4D9-9375-480F-A2F6-A46509F9D824}"
EndProject
Project("{9A19103F-16F7-4668-BE54-9A1E7A4F7556}") = "AbpEcommerce.HttpApi.Client.ConsoleTestApp", "test\AbpEcommerce.HttpApi.Client.ConsoleTestApp\AbpEcommerce.HttpApi.Client.ConsoleTestApp.csproj", "{EF480016-9127-4916-8735-D2466BDBC582}"
EndProject
Project("{9A19103F-16F7-4668-BE54-9A1E7A4F7556}") = "AbpEcommerce.DbMigrator", "src\AbpEcommerce.DbMigrator\AbpEcommerce.DbMigrator.csproj", "{AA94D832-1CCC-4715-95A9-A483F23A1A5D}"
EndProject
Project("{2150E333-8FDC-42A3-9474-1A3956D46DE8}") = "identity", "identity", "{65D96F10-D76D-4693-8D7E-5457C1156662}"
EndProject
Project("{2150E333-8FDC-42A3-9474-1A3956D46DE8}") = "common", "common", "{FF7D04C4-1C85-4883-83ED-DB7AA6B3FA74}"
EndProject
Project("{2150E333-8FDC-42A3-9474-1A3956D46DE8}") = "domain", "domain", "{F5FD5906-3A3E-45BC-BC60-C33D1FCA7A20}"
EndProject
Project("{2150E333-8FDC-42A3-9474-1A3956D46DE8}") = "intrastructure", "intrastructure", "{CF0226CA-EE9C-447B-B907-0132359ACF1A}"
EndProject
Project("{2150E333-8FDC-42A3-9474-1A3956D46DE8}") = "public", "public", "{08554FD5-93FE-4A4F-BC53-4D038F55D1C9}"
EndProject
Project("{2150E333-8FDC-42A3-9474-1A3956D46DE8}") = "admin", "admin", "{6CD7F702-229B-4E14-BA78-22EE7C505C6D}"
EndProject
Project("{9A19103F-16F7-4668-BE54-9A1E7A4F7556}") = "AbpEcommerce.Admin.Application", "src\AbpEcommerce.Admin.Application\AbpEcommerce.Admin.Application.csproj", "{3A463E47-C6C7-4D55-A77C-0A50E32D85CA}"
EndProject
Project("{9A19103F-16F7-4668-BE54-9A1E7A4F7556}") = "AbpEcommerce.Admin.Application.Contracts", "src\AbpEcommerce.Admin.Application.Contracts\AbpEcommerce.Admin.Application.Contracts.csproj", "{8DB1BB69-2022-4863-B88D-28268B043259}"
EndProject
Project("{9A19103F-16F7-4668-BE54-9A1E7A4F7556}") = "AbpEcommerce.Admin.HttpApi", "src\AbpEcommerce.Admin.HttpApi\AbpEcommerce.Admin.HttpApi.csproj", "{6B256F02-BFF2-4AE0-BDCD-BE5520C7C1BF}"
EndProject
Project("{9A19103F-16F7-4668-BE54-9A1E7A4F7556}") = "AbpEcommerce.Admin.HttpApi.Host", "src\AbpEcommerce.Admin.HttpApi.Host\AbpEcommerce.Admin.HttpApi.Host.csproj", "{BF403BF2-7632-4A56-A5F5-B11D7D432365}"
EndProject
Project("{9A19103F-16F7-4668-BE54-9A1E7A4F7556}") = "AbpEcommerce.Admin.HttpApi.Client", "src\AbpEcommerce.Admin.HttpApi.Client\AbpEcommerce.Admin.HttpApi.Client.csproj", "{57DF21DC-352D-4CF6-B3BF-E34F60895F69}"
EndProject
Project("{2150E333-8FDC-42A3-9474-1A3956D46DE8}") = "public", "public", "{BAA2065B-917B-41D2-9C1A-B6E8FEC36CCD}"
EndProject
Project("{2150E333-8FDC-42A3-9474-1A3956D46DE8}") = "admin", "admin", "{48BAFFC2-D01A-4F8F-BCAD-033E0B5B7509}"
EndProject
Project("{9A19103F-16F7-4668-BE54-9A1E7A4F7556}") = "AbpEcommerce.Admin.Application.Tests", "test\AbpEcommerce.Admin.Application.Tests\AbpEcommerce.Admin.Application.Tests.csproj", "{0CE2761B-6002-4FBB-9528-449033A1D2E8}"
EndProject
Project("{9A19103F-16F7-4668-BE54-9A1E7A4F7556}") = "AbpEcommerce.Admin.HttpApi.Client.ConsoleTestApp", "test\AbpEcommerce.Admin.HttpApi.Client.ConsoleTestApp\AbpEcommerce.Admin.HttpApi.Client.ConsoleTestApp.csproj", "{BB5CD8FB-D4FC-4236-9018-07B8EAD56975}"
EndProject
Project("{2150E333-8FDC-42A3-9474-1A3956D46DE8}") = "shared", "shared", "{45DA0704-B92E-4B56-A11C-86E830C2A3D5}"
EndProject
Global
	GlobalSection(SolutionConfigurationPlatforms) = preSolution
		Debug|Any CPU = Debug|Any CPU
		Release|Any CPU = Release|Any CPU
	EndGlobalSection
	GlobalSection(ProjectConfigurationPlatforms) = postSolution
		{554AD327-6DBA-4F8F-96F8-81CE7A0C863F}.Debug|Any CPU.ActiveCfg = Debug|Any CPU
		{554AD327-6DBA-4F8F-96F8-81CE7A0C863F}.Debug|Any CPU.Build.0 = Debug|Any CPU
		{554AD327-6DBA-4F8F-96F8-81CE7A0C863F}.Release|Any CPU.ActiveCfg = Release|Any CPU
		{554AD327-6DBA-4F8F-96F8-81CE7A0C863F}.Release|Any CPU.Build.0 = Release|Any CPU
		{1A94A50E-06DC-43C1-80B5-B662820EC3EB}.Debug|Any CPU.ActiveCfg = Debug|Any CPU
		{1A94A50E-06DC-43C1-80B5-B662820EC3EB}.Debug|Any CPU.Build.0 = Debug|Any CPU
		{1A94A50E-06DC-43C1-80B5-B662820EC3EB}.Release|Any CPU.ActiveCfg = Release|Any CPU
		{1A94A50E-06DC-43C1-80B5-B662820EC3EB}.Release|Any CPU.Build.0 = Release|Any CPU
		{C956DD76-69C8-4A9C-83EA-D17DF83340FD}.Debug|Any CPU.ActiveCfg = Debug|Any CPU
		{C956DD76-69C8-4A9C-83EA-D17DF83340FD}.Debug|Any CPU.Build.0 = Debug|Any CPU
		{C956DD76-69C8-4A9C-83EA-D17DF83340FD}.Release|Any CPU.ActiveCfg = Release|Any CPU
		{C956DD76-69C8-4A9C-83EA-D17DF83340FD}.Release|Any CPU.Build.0 = Release|Any CPU
		{50B2631D-129C-47B3-A587-029CCD6099BC}.Debug|Any CPU.ActiveCfg = Debug|Any CPU
		{50B2631D-129C-47B3-A587-029CCD6099BC}.Debug|Any CPU.Build.0 = Debug|Any CPU
		{50B2631D-129C-47B3-A587-029CCD6099BC}.Release|Any CPU.ActiveCfg = Release|Any CPU
		{50B2631D-129C-47B3-A587-029CCD6099BC}.Release|Any CPU.Build.0 = Release|Any CPU
		{42F719ED-8413-4895-B5B4-5AB56079BC66}.Debug|Any CPU.ActiveCfg = Debug|Any CPU
		{42F719ED-8413-4895-B5B4-5AB56079BC66}.Debug|Any CPU.Build.0 = Debug|Any CPU
		{42F719ED-8413-4895-B5B4-5AB56079BC66}.Release|Any CPU.ActiveCfg = Release|Any CPU
		{42F719ED-8413-4895-B5B4-5AB56079BC66}.Release|Any CPU.Build.0 = Release|Any CPU
		{520659C8-C734-4298-A3DA-B539DB9DFC0B}.Debug|Any CPU.ActiveCfg = Debug|Any CPU
		{520659C8-C734-4298-A3DA-B539DB9DFC0B}.Debug|Any CPU.Build.0 = Debug|Any CPU
		{520659C8-C734-4298-A3DA-B539DB9DFC0B}.Release|Any CPU.ActiveCfg = Release|Any CPU
		{520659C8-C734-4298-A3DA-B539DB9DFC0B}.Release|Any CPU.Build.0 = Release|Any CPU
		{4164BDF7-F527-4E85-9CE6-E3C2D7426A27}.Debug|Any CPU.ActiveCfg = Debug|Any CPU
		{4164BDF7-F527-4E85-9CE6-E3C2D7426A27}.Debug|Any CPU.Build.0 = Debug|Any CPU
		{4164BDF7-F527-4E85-9CE6-E3C2D7426A27}.Release|Any CPU.ActiveCfg = Release|Any CPU
		{4164BDF7-F527-4E85-9CE6-E3C2D7426A27}.Release|Any CPU.Build.0 = Release|Any CPU
		{3B5A0094-670D-4BB1-BFDD-61B88A8773DC}.Debug|Any CPU.ActiveCfg = Debug|Any CPU
		{3B5A0094-670D-4BB1-BFDD-61B88A8773DC}.Debug|Any CPU.Build.0 = Debug|Any CPU
		{3B5A0094-670D-4BB1-BFDD-61B88A8773DC}.Release|Any CPU.ActiveCfg = Release|Any CPU
		{3B5A0094-670D-4BB1-BFDD-61B88A8773DC}.Release|Any CPU.Build.0 = Release|Any CPU
		{073C361E-B8F4-49F5-93CC-72A3FF49C026}.Debug|Any CPU.ActiveCfg = Debug|Any CPU
		{073C361E-B8F4-49F5-93CC-72A3FF49C026}.Debug|Any CPU.Build.0 = Debug|Any CPU
		{073C361E-B8F4-49F5-93CC-72A3FF49C026}.Release|Any CPU.ActiveCfg = Release|Any CPU
		{073C361E-B8F4-49F5-93CC-72A3FF49C026}.Release|Any CPU.Build.0 = Release|Any CPU
		{E6D5BF0E-DE92-4D82-A352-EF04B37CB11C}.Debug|Any CPU.ActiveCfg = Debug|Any CPU
		{E6D5BF0E-DE92-4D82-A352-EF04B37CB11C}.Debug|Any CPU.Build.0 = Debug|Any CPU
		{E6D5BF0E-DE92-4D82-A352-EF04B37CB11C}.Release|Any CPU.ActiveCfg = Release|Any CPU
		{E6D5BF0E-DE92-4D82-A352-EF04B37CB11C}.Release|Any CPU.Build.0 = Release|Any CPU
		{1FE30EB9-74A9-47F5-A9F6-7B1FAB672D81}.Debug|Any CPU.ActiveCfg = Debug|Any CPU
		{1FE30EB9-74A9-47F5-A9F6-7B1FAB672D81}.Debug|Any CPU.Build.0 = Debug|Any CPU
		{1FE30EB9-74A9-47F5-A9F6-7B1FAB672D81}.Release|Any CPU.ActiveCfg = Release|Any CPU
		{1FE30EB9-74A9-47F5-A9F6-7B1FAB672D81}.Release|Any CPU.Build.0 = Release|Any CPU
		{91853F21-9CD9-4132-BC29-A7D5D84FFFE7}.Debug|Any CPU.ActiveCfg = Debug|Any CPU
		{91853F21-9CD9-4132-BC29-A7D5D84FFFE7}.Debug|Any CPU.Build.0 = Debug|Any CPU
		{91853F21-9CD9-4132-BC29-A7D5D84FFFE7}.Release|Any CPU.ActiveCfg = Release|Any CPU
		{91853F21-9CD9-4132-BC29-A7D5D84FFFE7}.Release|Any CPU.Build.0 = Release|Any CPU
		{E512F4D9-9375-480F-A2F6-A46509F9D824}.Debug|Any CPU.ActiveCfg = Debug|Any CPU
		{E512F4D9-9375-480F-A2F6-A46509F9D824}.Debug|Any CPU.Build.0 = Debug|Any CPU
		{E512F4D9-9375-480F-A2F6-A46509F9D824}.Release|Any CPU.ActiveCfg = Release|Any CPU
		{E512F4D9-9375-480F-A2F6-A46509F9D824}.Release|Any CPU.Build.0 = Release|Any CPU
		{EF480016-9127-4916-8735-D2466BDBC582}.Debug|Any CPU.ActiveCfg = Debug|Any CPU
		{EF480016-9127-4916-8735-D2466BDBC582}.Debug|Any CPU.Build.0 = Debug|Any CPU
		{EF480016-9127-4916-8735-D2466BDBC582}.Release|Any CPU.ActiveCfg = Release|Any CPU
		{EF480016-9127-4916-8735-D2466BDBC582}.Release|Any CPU.Build.0 = Release|Any CPU
		{AA94D832-1CCC-4715-95A9-A483F23A1A5D}.Debug|Any CPU.ActiveCfg = Debug|Any CPU
		{AA94D832-1CCC-4715-95A9-A483F23A1A5D}.Debug|Any CPU.Build.0 = Debug|Any CPU
		{AA94D832-1CCC-4715-95A9-A483F23A1A5D}.Release|Any CPU.ActiveCfg = Release|Any CPU
		{AA94D832-1CCC-4715-95A9-A483F23A1A5D}.Release|Any CPU.Build.0 = Release|Any CPU
		{3A463E47-C6C7-4D55-A77C-0A50E32D85CA}.Debug|Any CPU.ActiveCfg = Debug|Any CPU
		{3A463E47-C6C7-4D55-A77C-0A50E32D85CA}.Debug|Any CPU.Build.0 = Debug|Any CPU
		{3A463E47-C6C7-4D55-A77C-0A50E32D85CA}.Release|Any CPU.ActiveCfg = Release|Any CPU
		{3A463E47-C6C7-4D55-A77C-0A50E32D85CA}.Release|Any CPU.Build.0 = Release|Any CPU
		{8DB1BB69-2022-4863-B88D-28268B043259}.Debug|Any CPU.ActiveCfg = Debug|Any CPU
		{8DB1BB69-2022-4863-B88D-28268B043259}.Debug|Any CPU.Build.0 = Debug|Any CPU
		{8DB1BB69-2022-4863-B88D-28268B043259}.Release|Any CPU.ActiveCfg = Release|Any CPU
		{8DB1BB69-2022-4863-B88D-28268B043259}.Release|Any CPU.Build.0 = Release|Any CPU
		{6B256F02-BFF2-4AE0-BDCD-BE5520C7C1BF}.Debug|Any CPU.ActiveCfg = Debug|Any CPU
		{6B256F02-BFF2-4AE0-BDCD-BE5520C7C1BF}.Debug|Any CPU.Build.0 = Debug|Any CPU
		{6B256F02-BFF2-4AE0-BDCD-BE5520C7C1BF}.Release|Any CPU.ActiveCfg = Release|Any CPU
		{6B256F02-BFF2-4AE0-BDCD-BE5520C7C1BF}.Release|Any CPU.Build.0 = Release|Any CPU
		{BF403BF2-7632-4A56-A5F5-B11D7D432365}.Debug|Any CPU.ActiveCfg = Debug|Any CPU
		{BF403BF2-7632-4A56-A5F5-B11D7D432365}.Debug|Any CPU.Build.0 = Debug|Any CPU
		{BF403BF2-7632-4A56-A5F5-B11D7D432365}.Release|Any CPU.ActiveCfg = Release|Any CPU
		{BF403BF2-7632-4A56-A5F5-B11D7D432365}.Release|Any CPU.Build.0 = Release|Any CPU
		{57DF21DC-352D-4CF6-B3BF-E34F60895F69}.Debug|Any CPU.ActiveCfg = Debug|Any CPU
		{57DF21DC-352D-4CF6-B3BF-E34F60895F69}.Debug|Any CPU.Build.0 = Debug|Any CPU
		{57DF21DC-352D-4CF6-B3BF-E34F60895F69}.Release|Any CPU.ActiveCfg = Release|Any CPU
		{57DF21DC-352D-4CF6-B3BF-E34F60895F69}.Release|Any CPU.Build.0 = Release|Any CPU
		{0CE2761B-6002-4FBB-9528-449033A1D2E8}.Debug|Any CPU.ActiveCfg = Debug|Any CPU
		{0CE2761B-6002-4FBB-9528-449033A1D2E8}.Debug|Any CPU.Build.0 = Debug|Any CPU
		{0CE2761B-6002-4FBB-9528-449033A1D2E8}.Release|Any CPU.ActiveCfg = Release|Any CPU
		{0CE2761B-6002-4FBB-9528-449033A1D2E8}.Release|Any CPU.Build.0 = Release|Any CPU
		{BB5CD8FB-D4FC-4236-9018-07B8EAD56975}.Debug|Any CPU.ActiveCfg = Debug|Any CPU
		{BB5CD8FB-D4FC-4236-9018-07B8EAD56975}.Debug|Any CPU.Build.0 = Debug|Any CPU
		{BB5CD8FB-D4FC-4236-9018-07B8EAD56975}.Release|Any CPU.ActiveCfg = Release|Any CPU
		{BB5CD8FB-D4FC-4236-9018-07B8EAD56975}.Release|Any CPU.Build.0 = Release|Any CPU
	EndGlobalSection
	GlobalSection(SolutionProperties) = preSolution
		HideSolutionNode = FALSE
	EndGlobalSection
	GlobalSection(NestedProjects) = preSolution
		{554AD327-6DBA-4F8F-96F8-81CE7A0C863F} = {F5FD5906-3A3E-45BC-BC60-C33D1FCA7A20}
		{1A94A50E-06DC-43C1-80B5-B662820EC3EB} = {08554FD5-93FE-4A4F-BC53-4D038F55D1C9}
		{C956DD76-69C8-4A9C-83EA-D17DF83340FD} = {CF0226CA-EE9C-447B-B907-0132359ACF1A}
		{50B2631D-129C-47B3-A587-029CCD6099BC} = {BAA2065B-917B-41D2-9C1A-B6E8FEC36CCD}
		{42F719ED-8413-4895-B5B4-5AB56079BC66} = {F5FD5906-3A3E-45BC-BC60-C33D1FCA7A20}
		{520659C8-C734-4298-A3DA-B539DB9DFC0B} = {08554FD5-93FE-4A4F-BC53-4D038F55D1C9}
		{4164BDF7-F527-4E85-9CE6-E3C2D7426A27} = {08554FD5-93FE-4A4F-BC53-4D038F55D1C9}
		{3B5A0094-670D-4BB1-BFDD-61B88A8773DC} = {08554FD5-93FE-4A4F-BC53-4D038F55D1C9}
		{073C361E-B8F4-49F5-93CC-72A3FF49C026} = {65D96F10-D76D-4693-8D7E-5457C1156662}
		{E6D5BF0E-DE92-4D82-A352-EF04B37CB11C} = {08554FD5-93FE-4A4F-BC53-4D038F55D1C9}
		{1FE30EB9-74A9-47F5-A9F6-7B1FAB672D81} = {45DA0704-B92E-4B56-A11C-86E830C2A3D5}
		{91853F21-9CD9-4132-BC29-A7D5D84FFFE7} = {45DA0704-B92E-4B56-A11C-86E830C2A3D5}
		{E512F4D9-9375-480F-A2F6-A46509F9D824} = {BAA2065B-917B-41D2-9C1A-B6E8FEC36CCD}
		{EF480016-9127-4916-8735-D2466BDBC582} = {45DA0704-B92E-4B56-A11C-86E830C2A3D5}
		{AA94D832-1CCC-4715-95A9-A483F23A1A5D} = {CF0226CA-EE9C-447B-B907-0132359ACF1A}
		{65D96F10-D76D-4693-8D7E-5457C1156662} = {CA9AC87F-097E-4F15-8393-4BC07735A5B0}
		{FF7D04C4-1C85-4883-83ED-DB7AA6B3FA74} = {CA9AC87F-097E-4F15-8393-4BC07735A5B0}
		{F5FD5906-3A3E-45BC-BC60-C33D1FCA7A20} = {FF7D04C4-1C85-4883-83ED-DB7AA6B3FA74}
		{CF0226CA-EE9C-447B-B907-0132359ACF1A} = {FF7D04C4-1C85-4883-83ED-DB7AA6B3FA74}
		{08554FD5-93FE-4A4F-BC53-4D038F55D1C9} = {CA9AC87F-097E-4F15-8393-4BC07735A5B0}
		{6CD7F702-229B-4E14-BA78-22EE7C505C6D} = {CA9AC87F-097E-4F15-8393-4BC07735A5B0}
		{3A463E47-C6C7-4D55-A77C-0A50E32D85CA} = {6CD7F702-229B-4E14-BA78-22EE7C505C6D}
		{8DB1BB69-2022-4863-B88D-28268B043259} = {6CD7F702-229B-4E14-BA78-22EE7C505C6D}
		{6B256F02-BFF2-4AE0-BDCD-BE5520C7C1BF} = {6CD7F702-229B-4E14-BA78-22EE7C505C6D}
		{BF403BF2-7632-4A56-A5F5-B11D7D432365} = {6CD7F702-229B-4E14-BA78-22EE7C505C6D}
		{57DF21DC-352D-4CF6-B3BF-E34F60895F69} = {6CD7F702-229B-4E14-BA78-22EE7C505C6D}
		{BAA2065B-917B-41D2-9C1A-B6E8FEC36CCD} = {04DBDB01-70F4-4E06-B468-8F87850B22BE}
		{48BAFFC2-D01A-4F8F-BCAD-033E0B5B7509} = {04DBDB01-70F4-4E06-B468-8F87850B22BE}
		{0CE2761B-6002-4FBB-9528-449033A1D2E8} = {48BAFFC2-D01A-4F8F-BCAD-033E0B5B7509}
		{BB5CD8FB-D4FC-4236-9018-07B8EAD56975} = {48BAFFC2-D01A-4F8F-BCAD-033E0B5B7509}
		{45DA0704-B92E-4B56-A11C-86E830C2A3D5} = {04DBDB01-70F4-4E06-B468-8F87850B22BE}
	EndGlobalSection
	GlobalSection(ExtensibilityGlobals) = postSolution
		SolutionGuid = {28315BFD-90E7-4E14-A2EA-F3D23AF4126F}
	EndGlobalSection
EndGlobal
